
Microsoft Visual Studio Solution File, Format Version 12.00
# Visual Studio Version 17
VisualStudioVersion = 17.0.32014.148
MinimumVisualStudioVersion = 10.0.40219.1
Project("{9A19103F-16F7-4668-BE54-9A1E7A4F7556}") = "SocketSim", "SocketSim\SocketSim.csproj", "{053E2CC9-1DFB-404A-A48F-313D063A1243}"
EndProject
Project("{FAE04EC0-301F-11D3-BF4B-00C04F79EFBC}") = "SocketSimTests", "SocketSimTests\SocketSimTests.csproj", "{A5A317FA-673A-47DB-A4BA-A6CF52B07006}"
EndProject
Global
	GlobalSection(SolutionConfigurationPlatforms) = preSolution
		Debug|Any CPU = Debug|Any CPU
		Release|Any CPU = Release|Any CPU
	EndGlobalSection
	GlobalSection(ProjectConfigurationPlatforms) = postSolution
		{053E2CC9-1DFB-404A-A48F-313D063A1243}.Debug|Any CPU.ActiveCfg = Debug|Any CPU
		{053E2CC9-1DFB-404A-A48F-313D063A1243}.Debug|Any CPU.Build.0 = Debug|Any CPU
		{053E2CC9-1DFB-404A-A48F-313D063A1243}.Release|Any CPU.ActiveCfg = Release|Any CPU
		{053E2CC9-1DFB-404A-A48F-313D063A1243}.Release|Any CPU.Build.0 = Release|Any CPU
		{A5A317FA-673A-47DB-A4BA-A6CF52B07006}.Debug|Any CPU.ActiveCfg = Debug|Any CPU
		{A5A317FA-673A-47DB-A4BA-A6CF52B07006}.Debug|Any CPU.Build.0 = Debug|Any CPU
		{A5A317FA-673A-47DB-A4BA-A6CF52B07006}.Release|Any CPU.ActiveCfg = Release|Any CPU
		{A5A317FA-673A-47DB-A4BA-A6CF52B07006}.Release|Any CPU.Build.0 = Release|Any CPU
	EndGlobalSection
	GlobalSection(SolutionProperties) = preSolution
		HideSolutionNode = FALSE
	EndGlobalSection
	GlobalSection(ExtensibilityGlobals) = postSolution
		SolutionGuid = {7E74C678-E5CF-4300-9B15-FAE729C67CC1}
	EndGlobalSection
EndGlobal
