
Microsoft Visual Studio Solution File, Format Version 12.00
# Visual Studio Version 16
VisualStudioVersion = 16.0.31729.503
MinimumVisualStudioVersion = 10.0.40219.1
Project("{FAE04EC0-301F-11D3-BF4B-00C04F79EFBC}") = "SocketTest", "SocketTest\SocketTest.csproj", "{74CD33EC-6708-4D5C-9947-714FB3076752}"
EndProject
Global
	GlobalSection(SolutionConfigurationPlatforms) = preSolution
		Debug|Any CPU = Debug|Any CPU
		Release|Any CPU = Release|Any CPU
	EndGlobalSection
	GlobalSection(ProjectConfigurationPlatforms) = postSolution
		{74CD33EC-6708-4D5C-9947-714FB3076752}.Debug|Any CPU.ActiveCfg = Debug|Any CPU
		{74CD33EC-6708-4D5C-9947-714FB3076752}.Debug|Any CPU.Build.0 = Debug|Any CPU
		{74CD33EC-6708-4D5C-9947-714FB3076752}.Release|Any CPU.ActiveCfg = Release|Any CPU
		{74CD33EC-6708-4D5C-9947-714FB3076752}.Release|Any CPU.Build.0 = Release|Any CPU
	EndGlobalSection
	GlobalSection(SolutionProperties) = preSolution
		HideSolutionNode = FALSE
	EndGlobalSection
	GlobalSection(ExtensibilityGlobals) = postSolution
		SolutionGuid = {7E74C678-E5CF-4300-9B15-FAE729C67CC1}
	EndGlobalSection
EndGlobal
